{
  "version": 4,
  "terraform_version": "0.13.3",
  "serial": 15,
  "lineage": "1b3821b7-02cb-e2c9-e600-b6b825c7ba68",
  "outputs": {
    "print-vapp": {
      "value": "Test01",
      "type": "string"
    }
  },
  "resources": [
    {
      "module": "module.vapp",
      "mode": "data",
      "type": "vsphere_datacenter",
      "name": "dc",
      "provider": "provider[\"registry.terraform.io/hashicorp/vsphere\"]",
      "instances": [
        {
          "schema_version": 0,
          "attributes": {
            "id": "datacenter-2",
            "name": "Home"
          }
        }
      ]
    },
    {
      "module": "module.vapp",
      "mode": "data",
      "type": "vsphere_folder",
      "name": "folder",
      "provider": "provider[\"registry.terraform.io/hashicorp/vsphere\"]",
      "instances": [
        {
          "schema_version": 0,
          "attributes": {
            "id": "group-v3",
            "path": "vm"
          }
        }
      ]
    },
    {
      "module": "module.vapp",
      "mode": "data",
      "type": "vsphere_resource_pool",
      "name": "pool",
      "provider": "provider[\"registry.terraform.io/hashicorp/vsphere\"]",
      "instances": [
        {
          "schema_version": 0,
          "attributes": {
            "datacenter_id": "datacenter-2",
            "id": "resgroup-8",
            "name": "/Home/host/Aiur"
          }
        }
      ]
    },
    {
      "module": "module.vapp",
      "mode": "managed",
      "type": "vsphere_vapp_container",
      "name": "vapp",
      "provider": "provider[\"registry.terraform.io/hashicorp/vsphere\"]",
      "instances": [
        {
          "schema_version": 0,
          "attributes": {
            "cpu_expandable": true,
            "cpu_limit": -1,
            "cpu_reservation": 0,
            "cpu_share_level": "normal",
            "cpu_shares": 4000,
            "custom_attributes": null,
            "id": "resgroup-v46341",
            "memory_expandable": true,
            "memory_limit": -1,
            "memory_reservation": 0,
            "memory_share_level": "normal",
            "memory_shares": 163840,
            "name": "Test01",
            "parent_folder_id": "group-v3",
            "parent_resource_pool_id": "resgroup-8",
            "tags": null
          },
          "private": "bnVsbA==",
          "dependencies": [
            "module.vapp.data.vsphere_folder.folder",
            "module.vapp.data.vsphere_resource_pool.pool"
          ]
        }
      ]
    }
  ]
}
